{
  "nodes": {
    "logos-capability-module": {
      "inputs": {
        "logos-cpp-sdk": "logos-cpp-sdk",
        "logos-liblogos": "logos-liblogos",
        "nixpkgs": [
          "logos-capability-module",
          "logos-liblogos",
          "nixpkgs"
        ]
      },
      "locked": {
        "lastModified": 1767809111,
        "narHash": "sha256-jehjsB+BpDJlVu3I7x+vFVOdXmy9MDmFTJtRqzFUONo=",
        "owner": "logos-co",
        "repo": "logos-capability-module",
        "rev": "7b35383e0aa4e28a4633ed18a87efb57636939b1",
        "type": "github"
      },
      "original": {
        "owner": "logos-co",
        "repo": "logos-capability-module",
        "type": "github"
      }
    },
    "logos-capability-module_2": {
      "inputs": {
        "logos-cpp-sdk": "logos-cpp-sdk_4",
        "logos-liblogos": "logos-liblogos_3",
        "nixpkgs": [
          "logos-chat-module",
          "logos-liblogos",
          "logos-capability-module",
          "logos-liblogos",
          "nixpkgs"
        ]
      },
      "locked": {
        "lastModified": 1767809111,
        "narHash": "sha256-jehjsB+BpDJlVu3I7x+vFVOdXmy9MDmFTJtRqzFUONo=",
        "owner": "logos-co",
        "repo": "logos-capability-module",
        "rev": "7b35383e0aa4e28a4633ed18a87efb57636939b1",
        "type": "github"
      },
      "original": {
        "owner": "logos-co",
        "repo": "logos-capability-module",
        "type": "github"
      }
    },
    "logos-capability-module_3": {
      "inputs": {
        "logos-cpp-sdk": "logos-cpp-sdk_9",
        "logos-liblogos": "logos-liblogos_5",
        "nixpkgs": [
          "logos-chat-module",
          "logos-waku-module",
          "logos-liblogos",
          "logos-capability-module",
          "logos-liblogos",
          "nixpkgs"
        ]
      },
      "locked": {
        "lastModified": 1767809111,
        "narHash": "sha256-jehjsB+BpDJlVu3I7x+vFVOdXmy9MDmFTJtRqzFUONo=",
        "owner": "logos-co",
        "repo": "logos-capability-module",
        "rev": "7b35383e0aa4e28a4633ed18a87efb57636939b1",
        "type": "github"
      },
      "original": {
        "owner": "logos-co",
        "repo": "logos-capability-module",
        "type": "github"
      }
    },
    "logos-capability-module_4": {
      "inputs": {
        "logos-cpp-sdk": "logos-cpp-sdk_14",
        "logos-liblogos": "logos-liblogos_7",
        "nixpkgs": [
          "logos-liblogos",
          "logos-capability-module",
          "logos-liblogos",
          "nixpkgs"
        ]
      },
      "locked": {
        "lastModified": 1767809111,
        "narHash": "sha256-jehjsB+BpDJlVu3I7x+vFVOdXmy9MDmFTJtRqzFUONo=",
        "owner": "logos-co",
        "repo": "logos-capability-module",
        "rev": "7b35383e0aa4e28a4633ed18a87efb57636939b1",
        "type": "github"
      },
      "original": {
        "owner": "logos-co",
        "repo": "logos-capability-module",
        "type": "github"
      }
    },
    "logos-capability-module_5": {
      "inputs": {
        "logos-cpp-sdk": "logos-cpp-sdk_19",
        "logos-liblogos": "logos-liblogos_9",
        "nixpkgs": [
          "logos-waku-module",
          "logos-liblogos",
          "logos-capability-module",
          "logos-liblogos",
          "nixpkgs"
        ]
      },
      "locked": {
        "lastModified": 1767809111,
        "narHash": "sha256-jehjsB+BpDJlVu3I7x+vFVOdXmy9MDmFTJtRqzFUONo=",
        "owner": "logos-co",
        "repo": "logos-capability-module",
        "rev": "7b35383e0aa4e28a4633ed18a87efb57636939b1",
        "type": "github"
      },
      "original": {
        "owner": "logos-co",
        "repo": "logos-capability-module",
        "type": "github"
      }
    },
    "logos-chat-module": {
      "inputs": {
        "logos-cpp-sdk": "logos-cpp-sdk_3",
        "logos-liblogos": "logos-liblogos_2",
        "logos-waku-module": "logos-waku-module",
        "nixpkgs": [
          "logos-chat-module",
          "logos-liblogos",
          "nixpkgs"
        ]
      },
      "locked": {
        "lastModified": 1772193581,
        "narHash": "sha256-EBhuQgJxTaeWYMhs6I3k/UtLO1V2b91517ubYClTP28=",
        "owner": "logos-co",
        "repo": "logos-chat-legacy-module",
        "rev": "7f017b596dcef958a7500fb72d803649a0e88cab",
        "type": "github"
      },
      "original": {
        "owner": "logos-co",
        "ref": "logos-testnet-demo",
        "repo": "logos-chat-legacy-module",
        "type": "github"
      }
    },
    "logos-cpp-sdk": {
      "inputs": {
        "nixpkgs": "nixpkgs"
      },
      "locked": {
        "lastModified": 1761230734,
        "narHash": "sha256-CMRUwXH7pJZ1OI6bd/TDDDXKqQ1tQZHQEOOwK8TgYHI=",
        "owner": "logos-co",
        "repo": "logos-cpp-sdk",
        "rev": "4b143922c190df00bb3835441c9f0075cb28283b",
        "type": "github"
      },
      "original": {
        "owner": "logos-co",
        "repo": "logos-cpp-sdk",
        "type": "github"
      }
    },
    "logos-cpp-sdk_10": {
      "inputs": {
        "nixpkgs": "nixpkgs_10"
      },
      "locked": {
        "lastModified": 1761230734,
        "narHash": "sha256-CMRUwXH7pJZ1OI6bd/TDDDXKqQ1tQZHQEOOwK8TgYHI=",
        "owner": "logos-co",
        "repo": "logos-cpp-sdk",
        "rev": "4b143922c190df00bb3835441c9f0075cb28283b",
        "type": "github"
      },
      "original": {
        "owner": "logos-co",
        "repo": "logos-cpp-sdk",
        "type": "github"
      }
    },
    "logos-cpp-sdk_11": {
      "inputs": {
        "nixpkgs": "nixpkgs_11"
      },
      "locked": {
        "lastModified": 1767724329,
        "narHash": "sha256-UPkqxqxbKwU5Dmu00TnjiJVXUmfVylF3p1qziEuYwIE=",
        "owner": "logos-co",
        "repo": "logos-cpp-sdk",
        "rev": "32f1d7080d784ff044d91d076ef2f0c7305d4784",
        "type": "github"
      },
      "original": {
        "owner": "logos-co",
        "repo": "logos-cpp-sdk",
        "type": "github"
      }
    },
    "logos-cpp-sdk_12": {
      "inputs": {
        "nixpkgs": "nixpkgs_12"
      },
      "locked": {
        "lastModified": 1767724329,
        "narHash": "sha256-UPkqxqxbKwU5Dmu00TnjiJVXUmfVylF3p1qziEuYwIE=",
        "owner": "logos-co",
        "repo": "logos-cpp-sdk",
        "rev": "32f1d7080d784ff044d91d076ef2f0c7305d4784",
        "type": "github"
      },
      "original": {
        "owner": "logos-co",
        "repo": "logos-cpp-sdk",
        "type": "github"
      }
    },
    "logos-cpp-sdk_13": {
      "inputs": {
        "nixpkgs": "nixpkgs_14"
      },
      "locked": {
        "lastModified": 1770132997,
        "narHash": "sha256-Iv0QMXMD6kf+y2Qx37jXR7Ik6h1dqOzuxBzCdc5S6KA=",
        "owner": "logos-co",
        "repo": "logos-cpp-sdk",
        "rev": "30ef7986f4b65b7dcf43af84bb073233b1b77821",
        "type": "github"
      },
      "original": {
        "owner": "logos-co",
        "repo": "logos-cpp-sdk",
        "type": "github"
      }
    },
    "logos-cpp-sdk_14": {
      "inputs": {
        "nixpkgs": "nixpkgs_15"
      },
      "locked": {
        "lastModified": 1761230734,
        "narHash": "sha256-CMRUwXH7pJZ1OI6bd/TDDDXKqQ1tQZHQEOOwK8TgYHI=",
        "owner": "logos-co",
        "repo": "logos-cpp-sdk",
        "rev": "4b143922c190df00bb3835441c9f0075cb28283b",
        "type": "github"
      },
      "original": {
        "owner": "logos-co",
        "repo": "logos-cpp-sdk",
        "type": "github"
      }
    },
    "logos-cpp-sdk_15": {
      "inputs": {
        "nixpkgs": "nixpkgs_16"
      },
      "locked": {
        "lastModified": 1761230734,
        "narHash": "sha256-CMRUwXH7pJZ1OI6bd/TDDDXKqQ1tQZHQEOOwK8TgYHI=",
        "owner": "logos-co",
        "repo": "logos-cpp-sdk",
        "rev": "4b143922c190df00bb3835441c9f0075cb28283b",
        "type": "github"
      },
      "original": {
        "owner": "logos-co",
        "repo": "logos-cpp-sdk",
        "type": "github"
      }
    },
    "logos-cpp-sdk_16": {
      "inputs": {
        "nixpkgs": "nixpkgs_17"
      },
      "locked": {
        "lastModified": 1767724329,
        "narHash": "sha256-UPkqxqxbKwU5Dmu00TnjiJVXUmfVylF3p1qziEuYwIE=",
        "owner": "logos-co",
        "repo": "logos-cpp-sdk",
        "rev": "32f1d7080d784ff044d91d076ef2f0c7305d4784",
        "type": "github"
      },
      "original": {
        "owner": "logos-co",
        "repo": "logos-cpp-sdk",
        "type": "github"
      }
    },
    "logos-cpp-sdk_17": {
      "inputs": {
        "nixpkgs": "nixpkgs_18"
      },
      "locked": {
        "lastModified": 1767724329,
        "narHash": "sha256-UPkqxqxbKwU5Dmu00TnjiJVXUmfVylF3p1qziEuYwIE=",
        "owner": "logos-co",
        "repo": "logos-cpp-sdk",
        "rev": "32f1d7080d784ff044d91d076ef2f0c7305d4784",
        "type": "github"
      },
      "original": {
        "owner": "logos-co",
        "repo": "logos-cpp-sdk",
        "type": "github"
      }
    },
    "logos-cpp-sdk_18": {
      "inputs": {
        "nixpkgs": "nixpkgs_19"
      },
      "locked": {
        "lastModified": 1770132997,
        "narHash": "sha256-Iv0QMXMD6kf+y2Qx37jXR7Ik6h1dqOzuxBzCdc5S6KA=",
        "owner": "logos-co",
        "repo": "logos-cpp-sdk",
        "rev": "30ef7986f4b65b7dcf43af84bb073233b1b77821",
        "type": "github"
      },
      "original": {
        "owner": "logos-co",
        "repo": "logos-cpp-sdk",
        "type": "github"
      }
    },
    "logos-cpp-sdk_19": {
      "inputs": {
        "nixpkgs": "nixpkgs_20"
      },
      "locked": {
        "lastModified": 1761230734,
        "narHash": "sha256-CMRUwXH7pJZ1OI6bd/TDDDXKqQ1tQZHQEOOwK8TgYHI=",
        "owner": "logos-co",
        "repo": "logos-cpp-sdk",
        "rev": "4b143922c190df00bb3835441c9f0075cb28283b",
        "type": "github"
      },
      "original": {
        "owner": "logos-co",
        "repo": "logos-cpp-sdk",
        "type": "github"
      }
    },
    "logos-cpp-sdk_2": {
      "inputs": {
        "nixpkgs": "nixpkgs_2"
      },
      "locked": {
        "lastModified": 1761230734,
        "narHash": "sha256-CMRUwXH7pJZ1OI6bd/TDDDXKqQ1tQZHQEOOwK8TgYHI=",
        "owner": "logos-co",
        "repo": "logos-cpp-sdk",
        "rev": "4b143922c190df00bb3835441c9f0075cb28283b",
        "type": "github"
      },
      "original": {
        "owner": "logos-co",
        "repo": "logos-cpp-sdk",
        "type": "github"
      }
    },
    "logos-cpp-sdk_20": {
      "inputs": {
        "nixpkgs": "nixpkgs_21"
      },
      "locked": {
        "lastModified": 1761230734,
        "narHash": "sha256-CMRUwXH7pJZ1OI6bd/TDDDXKqQ1tQZHQEOOwK8TgYHI=",
        "owner": "logos-co",
        "repo": "logos-cpp-sdk",
        "rev": "4b143922c190df00bb3835441c9f0075cb28283b",
        "type": "github"
      },
      "original": {
        "owner": "logos-co",
        "repo": "logos-cpp-sdk",
        "type": "github"
      }
    },
    "logos-cpp-sdk_21": {
      "inputs": {
        "nixpkgs": "nixpkgs_22"
      },
      "locked": {
        "lastModified": 1767724329,
        "narHash": "sha256-UPkqxqxbKwU5Dmu00TnjiJVXUmfVylF3p1qziEuYwIE=",
        "owner": "logos-co",
        "repo": "logos-cpp-sdk",
        "rev": "32f1d7080d784ff044d91d076ef2f0c7305d4784",
        "type": "github"
      },
      "original": {
        "owner": "logos-co",
        "repo": "logos-cpp-sdk",
        "type": "github"
      }
    },
    "logos-cpp-sdk_22": {
      "inputs": {
        "nixpkgs": "nixpkgs_23"
      },
      "locked": {
        "lastModified": 1767724329,
        "narHash": "sha256-UPkqxqxbKwU5Dmu00TnjiJVXUmfVylF3p1qziEuYwIE=",
        "owner": "logos-co",
        "repo": "logos-cpp-sdk",
        "rev": "32f1d7080d784ff044d91d076ef2f0c7305d4784",
        "type": "github"
      },
      "original": {
        "owner": "logos-co",
        "repo": "logos-cpp-sdk",
        "type": "github"
      }
    },
    "logos-cpp-sdk_3": {
      "inputs": {
        "nixpkgs": "nixpkgs_3"
      },
      "locked": {
        "lastModified": 1770132997,
        "narHash": "sha256-Iv0QMXMD6kf+y2Qx37jXR7Ik6h1dqOzuxBzCdc5S6KA=",
        "owner": "logos-co",
        "repo": "logos-cpp-sdk",
        "rev": "30ef7986f4b65b7dcf43af84bb073233b1b77821",
        "type": "github"
      },
      "original": {
        "owner": "logos-co",
        "repo": "logos-cpp-sdk",
        "type": "github"
      }
    },
    "logos-cpp-sdk_4": {
      "inputs": {
        "nixpkgs": "nixpkgs_4"
      },
      "locked": {
        "lastModified": 1761230734,
        "narHash": "sha256-CMRUwXH7pJZ1OI6bd/TDDDXKqQ1tQZHQEOOwK8TgYHI=",
        "owner": "logos-co",
        "repo": "logos-cpp-sdk",
        "rev": "4b143922c190df00bb3835441c9f0075cb28283b",
        "type": "github"
      },
      "original": {
        "owner": "logos-co",
        "repo": "logos-cpp-sdk",
        "type": "github"
      }
    },
    "logos-cpp-sdk_5": {
      "inputs": {
        "nixpkgs": "nixpkgs_5"
      },
      "locked": {
        "lastModified": 1761230734,
        "narHash": "sha256-CMRUwXH7pJZ1OI6bd/TDDDXKqQ1tQZHQEOOwK8TgYHI=",
        "owner": "logos-co",
        "repo": "logos-cpp-sdk",
        "rev": "4b143922c190df00bb3835441c9f0075cb28283b",
        "type": "github"
      },
      "original": {
        "owner": "logos-co",
        "repo": "logos-cpp-sdk",
        "type": "github"
      }
    },
    "logos-cpp-sdk_6": {
      "inputs": {
        "nixpkgs": "nixpkgs_6"
      },
      "locked": {
        "lastModified": 1767724329,
        "narHash": "sha256-UPkqxqxbKwU5Dmu00TnjiJVXUmfVylF3p1qziEuYwIE=",
        "owner": "logos-co",
        "repo": "logos-cpp-sdk",
        "rev": "32f1d7080d784ff044d91d076ef2f0c7305d4784",
        "type": "github"
      },
      "original": {
        "owner": "logos-co",
        "repo": "logos-cpp-sdk",
        "type": "github"
      }
    },
    "logos-cpp-sdk_7": {
      "inputs": {
        "nixpkgs": "nixpkgs_7"
      },
      "locked": {
        "lastModified": 1767724329,
        "narHash": "sha256-UPkqxqxbKwU5Dmu00TnjiJVXUmfVylF3p1qziEuYwIE=",
        "owner": "logos-co",
        "repo": "logos-cpp-sdk",
        "rev": "32f1d7080d784ff044d91d076ef2f0c7305d4784",
        "type": "github"
      },
      "original": {
        "owner": "logos-co",
        "repo": "logos-cpp-sdk",
        "type": "github"
      }
    },
    "logos-cpp-sdk_8": {
      "inputs": {
        "nixpkgs": "nixpkgs_8"
      },
      "locked": {
        "lastModified": 1770132997,
        "narHash": "sha256-Iv0QMXMD6kf+y2Qx37jXR7Ik6h1dqOzuxBzCdc5S6KA=",
        "owner": "logos-co",
        "repo": "logos-cpp-sdk",
        "rev": "30ef7986f4b65b7dcf43af84bb073233b1b77821",
        "type": "github"
      },
      "original": {
        "owner": "logos-co",
        "repo": "logos-cpp-sdk",
        "type": "github"
      }
    },
    "logos-cpp-sdk_9": {
      "inputs": {
        "nixpkgs": "nixpkgs_9"
      },
      "locked": {
        "lastModified": 1761230734,
        "narHash": "sha256-CMRUwXH7pJZ1OI6bd/TDDDXKqQ1tQZHQEOOwK8TgYHI=",
        "owner": "logos-co",
        "repo": "logos-cpp-sdk",
        "rev": "4b143922c190df00bb3835441c9f0075cb28283b",
        "type": "github"
      },
      "original": {
        "owner": "logos-co",
        "repo": "logos-cpp-sdk",
        "type": "github"
      }
    },
    "logos-liblogos": {
      "inputs": {
        "logos-cpp-sdk": "logos-cpp-sdk_2",
        "nixpkgs": [
          "logos-capability-module",
          "logos-liblogos",
          "logos-cpp-sdk",
          "nixpkgs"
        ]
      },
      "locked": {
        "lastModified": 1761845775,
        "narHash": "sha256-ulK8xq05ejK6qIgZ7WtWb/MJt2rk5BKfDA2z7mM3wq8=",
        "owner": "logos-co",
        "repo": "logos-liblogos",
        "rev": "a92c2c1268bc70764c8f73c7bce07d21024f5af9",
        "type": "github"
      },
      "original": {
        "owner": "logos-co",
        "repo": "logos-liblogos",
        "type": "github"
      }
    },
    "logos-liblogos_2": {
      "inputs": {
        "logos-capability-module": "logos-capability-module_2",
        "logos-cpp-sdk": "logos-cpp-sdk_6",
        "logos-module": "logos-module",
        "nixpkgs": [
          "logos-chat-module",
          "logos-liblogos",
          "logos-cpp-sdk",
          "nixpkgs"
        ]
      },
      "locked": {
        "lastModified": 1770837874,
        "narHash": "sha256-wr75lv1q4U1FS5+l/6ypwzJFJe06l2RyUvx1npoRS88=",
        "owner": "logos-co",
        "repo": "logos-liblogos",
        "rev": "e3741c01fd3abf6b7bd9ff2fa8edf89c41fc0cea",
        "type": "github"
      },
      "original": {
        "owner": "logos-co",
        "repo": "logos-liblogos",
        "type": "github"
      }
    },
    "logos-liblogos_3": {
      "inputs": {
        "logos-cpp-sdk": "logos-cpp-sdk_5",
        "nixpkgs": [
          "logos-chat-module",
          "logos-liblogos",
          "logos-capability-module",
          "logos-liblogos",
          "logos-cpp-sdk",
          "nixpkgs"
        ]
      },
      "locked": {
        "lastModified": 1761845775,
        "narHash": "sha256-ulK8xq05ejK6qIgZ7WtWb/MJt2rk5BKfDA2z7mM3wq8=",
        "owner": "logos-co",
        "repo": "logos-liblogos",
        "rev": "a92c2c1268bc70764c8f73c7bce07d21024f5af9",
        "type": "github"
      },
      "original": {
        "owner": "logos-co",
        "repo": "logos-liblogos",
        "type": "github"
      }
    },
    "logos-liblogos_4": {
      "inputs": {
        "logos-capability-module": "logos-capability-module_3",
        "logos-cpp-sdk": "logos-cpp-sdk_11",
        "logos-module": "logos-module_2",
        "nixpkgs": [
          "logos-chat-module",
          "logos-waku-module",
          "logos-liblogos",
          "logos-cpp-sdk",
          "nixpkgs"
        ]
      },
      "locked": {
        "lastModified": 1770837874,
        "narHash": "sha256-wr75lv1q4U1FS5+l/6ypwzJFJe06l2RyUvx1npoRS88=",
        "owner": "logos-co",
        "repo": "logos-liblogos",
        "rev": "e3741c01fd3abf6b7bd9ff2fa8edf89c41fc0cea",
        "type": "github"
      },
      "original": {
        "owner": "logos-co",
        "repo": "logos-liblogos",
        "type": "github"
      }
    },
    "logos-liblogos_5": {
      "inputs": {
        "logos-cpp-sdk": "logos-cpp-sdk_10",
        "nixpkgs": [
          "logos-chat-module",
          "logos-waku-module",
          "logos-liblogos",
          "logos-capability-module",
          "logos-liblogos",
          "logos-cpp-sdk",
          "nixpkgs"
        ]
      },
      "locked": {
        "lastModified": 1761845775,
        "narHash": "sha256-ulK8xq05ejK6qIgZ7WtWb/MJt2rk5BKfDA2z7mM3wq8=",
        "owner": "logos-co",
        "repo": "logos-liblogos",
        "rev": "a92c2c1268bc70764c8f73c7bce07d21024f5af9",
        "type": "github"
      },
      "original": {
        "owner": "logos-co",
        "repo": "logos-liblogos",
        "type": "github"
      }
    },
    "logos-liblogos_6": {
      "inputs": {
        "logos-capability-module": "logos-capability-module_4",
        "logos-cpp-sdk": "logos-cpp-sdk_16",
        "logos-module": "logos-module_3",
        "nixpkgs": [
          "logos-liblogos",
          "logos-cpp-sdk",
          "nixpkgs"
        ]
      },
      "locked": {
        "lastModified": 1770837874,
        "narHash": "sha256-wr75lv1q4U1FS5+l/6ypwzJFJe06l2RyUvx1npoRS88=",
        "owner": "logos-co",
        "repo": "logos-liblogos",
        "rev": "e3741c01fd3abf6b7bd9ff2fa8edf89c41fc0cea",
        "type": "github"
      },
      "original": {
        "owner": "logos-co",
        "repo": "logos-liblogos",
        "type": "github"
      }
    },
    "logos-liblogos_7": {
      "inputs": {
        "logos-cpp-sdk": "logos-cpp-sdk_15",
        "nixpkgs": [
          "logos-liblogos",
          "logos-capability-module",
          "logos-liblogos",
          "logos-cpp-sdk",
          "nixpkgs"
        ]
      },
      "locked": {
        "lastModified": 1761845775,
        "narHash": "sha256-ulK8xq05ejK6qIgZ7WtWb/MJt2rk5BKfDA2z7mM3wq8=",
        "owner": "logos-co",
        "repo": "logos-liblogos",
        "rev": "a92c2c1268bc70764c8f73c7bce07d21024f5af9",
        "type": "github"
      },
      "original": {
        "owner": "logos-co",
        "repo": "logos-liblogos",
        "type": "github"
      }
    },
    "logos-liblogos_8": {
      "inputs": {
        "logos-capability-module": "logos-capability-module_5",
        "logos-cpp-sdk": "logos-cpp-sdk_21",
        "logos-module": "logos-module_4",
        "nixpkgs": [
          "logos-waku-module",
          "logos-liblogos",
          "logos-cpp-sdk",
          "nixpkgs"
        ]
      },
      "locked": {
        "lastModified": 1770837874,
        "narHash": "sha256-wr75lv1q4U1FS5+l/6ypwzJFJe06l2RyUvx1npoRS88=",
        "owner": "logos-co",
        "repo": "logos-liblogos",
        "rev": "e3741c01fd3abf6b7bd9ff2fa8edf89c41fc0cea",
        "type": "github"
      },
      "original": {
        "owner": "logos-co",
        "repo": "logos-liblogos",
        "type": "github"
      }
    },
    "logos-liblogos_9": {
      "inputs": {
        "logos-cpp-sdk": "logos-cpp-sdk_20",
        "nixpkgs": [
          "logos-waku-module",
          "logos-liblogos",
          "logos-capability-module",
          "logos-liblogos",
          "logos-cpp-sdk",
          "nixpkgs"
        ]
      },
      "locked": {
        "lastModified": 1761845775,
        "narHash": "sha256-ulK8xq05ejK6qIgZ7WtWb/MJt2rk5BKfDA2z7mM3wq8=",
        "owner": "logos-co",
        "repo": "logos-liblogos",
        "rev": "a92c2c1268bc70764c8f73c7bce07d21024f5af9",
        "type": "github"
      },
      "original": {
        "owner": "logos-co",
        "repo": "logos-liblogos",
        "type": "github"
      }
    },
    "logos-messaging-nim": {
      "inputs": {
        "nixpkgs": "nixpkgs_13",
        "zerokit": "zerokit"
      },
      "locked": {
        "lastModified": 1772086348,
        "narHash": "sha256-GCmgc6/9KVvJR3YyO5I5hLf/H8B2K+M41segihFfEkI=",
        "ref": "poc/logos-testnet-mix",
        "rev": "7ed4fed7d0f54ee4b06ca55c407edca031fb4cfc",
        "revCount": 2227,
        "submodules": true,
        "type": "git",
        "url": "https://github.com/logos-messaging/logos-delivery"
      },
      "original": {
        "ref": "poc/logos-testnet-mix",
        "submodules": true,
        "type": "git",
        "url": "https://github.com/logos-messaging/logos-delivery"
      }
    },
    "logos-messaging-nim_2": {
      "inputs": {
        "nixpkgs": "nixpkgs_24",
        "zerokit": "zerokit_2"
      },
      "locked": {
        "lastModified": 1772086348,
        "narHash": "sha256-GCmgc6/9KVvJR3YyO5I5hLf/H8B2K+M41segihFfEkI=",
        "ref": "poc/logos-testnet-mix",
        "rev": "7ed4fed7d0f54ee4b06ca55c407edca031fb4cfc",
        "revCount": 2227,
        "submodules": true,
        "type": "git",
        "url": "https://github.com/logos-messaging/logos-delivery"
      },
      "original": {
        "ref": "poc/logos-testnet-mix",
        "submodules": true,
        "type": "git",
        "url": "https://github.com/logos-messaging/logos-delivery"
      }
    },
    "logos-module": {
      "inputs": {
        "logos-cpp-sdk": "logos-cpp-sdk_7",
        "nixpkgs": [
          "logos-chat-module",
          "logos-liblogos",
          "logos-module",
          "logos-cpp-sdk",
          "nixpkgs"
        ]
      },
      "locked": {
        "lastModified": 1770062426,
        "narHash": "sha256-zc7ZxDTlqOCYGyEHhrTA/7GS1EWh7+4amdPUKh+gGds=",
        "owner": "logos-co",
        "repo": "logos-module",
        "rev": "f7ee69d9ad9f27c84f04f59896e9194125e951dc",
        "type": "github"
      },
      "original": {
        "owner": "logos-co",
        "repo": "logos-module",
        "type": "github"
      }
    },
    "logos-module_2": {
      "inputs": {
        "logos-cpp-sdk": "logos-cpp-sdk_12",
        "nixpkgs": [
          "logos-chat-module",
          "logos-waku-module",
          "logos-liblogos",
          "logos-module",
          "logos-cpp-sdk",
          "nixpkgs"
        ]
      },
      "locked": {
        "lastModified": 1770062426,
        "narHash": "sha256-zc7ZxDTlqOCYGyEHhrTA/7GS1EWh7+4amdPUKh+gGds=",
        "owner": "logos-co",
        "repo": "logos-module",
        "rev": "f7ee69d9ad9f27c84f04f59896e9194125e951dc",
        "type": "github"
      },
      "original": {
        "owner": "logos-co",
        "repo": "logos-module",
        "type": "github"
      }
    },
    "logos-module_3": {
      "inputs": {
        "logos-cpp-sdk": "logos-cpp-sdk_17",
        "nixpkgs": [
          "logos-liblogos",
          "logos-module",
          "logos-cpp-sdk",
          "nixpkgs"
        ]
      },
      "locked": {
        "lastModified": 1770062426,
        "narHash": "sha256-zc7ZxDTlqOCYGyEHhrTA/7GS1EWh7+4amdPUKh+gGds=",
        "owner": "logos-co",
        "repo": "logos-module",
        "rev": "f7ee69d9ad9f27c84f04f59896e9194125e951dc",
        "type": "github"
      },
      "original": {
        "owner": "logos-co",
        "repo": "logos-module",
        "type": "github"
      }
    },
    "logos-module_4": {
      "inputs": {
        "logos-cpp-sdk": "logos-cpp-sdk_22",
        "nixpkgs": [
          "logos-waku-module",
          "logos-liblogos",
          "logos-module",
          "logos-cpp-sdk",
          "nixpkgs"
        ]
      },
      "locked": {
        "lastModified": 1770062426,
        "narHash": "sha256-zc7ZxDTlqOCYGyEHhrTA/7GS1EWh7+4amdPUKh+gGds=",
        "owner": "logos-co",
        "repo": "logos-module",
        "rev": "f7ee69d9ad9f27c84f04f59896e9194125e951dc",
        "type": "github"
      },
      "original": {
        "owner": "logos-co",
        "repo": "logos-module",
        "type": "github"
      }
    },
    "logos-waku-module": {
      "inputs": {
        "logos-cpp-sdk": "logos-cpp-sdk_8",
        "logos-liblogos": "logos-liblogos_4",
        "logos-messaging-nim": "logos-messaging-nim",
        "nixpkgs": [
          "logos-chat-module",
          "logos-waku-module",
          "logos-liblogos",
          "nixpkgs"
        ]
      },
      "locked": {
        "lastModified": 1772091941,
        "narHash": "sha256-NTzWNh1+j/mnzOkfV71Yv1s5OiGrzGL8ULHDbjDSAhY=",
        "owner": "logos-co",
        "repo": "logos-waku-module",
        "rev": "8ea3dc6f68f6728247f63ba9f9d05acbc609c4e3",
        "type": "github"
      },
      "original": {
        "owner": "logos-co",
        "ref": "logos-testnet-demo",
        "repo": "logos-waku-module",
        "type": "github"
      }
    },
    "logos-waku-module_2": {
      "inputs": {
        "logos-cpp-sdk": "logos-cpp-sdk_18",
        "logos-liblogos": "logos-liblogos_8",
        "logos-messaging-nim": "logos-messaging-nim_2",
        "nixpkgs": [
          "logos-waku-module",
          "logos-liblogos",
          "nixpkgs"
        ]
      },
      "locked": {
        "lastModified": 1772091941,
        "narHash": "sha256-NTzWNh1+j/mnzOkfV71Yv1s5OiGrzGL8ULHDbjDSAhY=",
        "owner": "logos-co",
        "repo": "logos-waku-module",
        "rev": "8ea3dc6f68f6728247f63ba9f9d05acbc609c4e3",
        "type": "github"
      },
      "original": {
        "owner": "logos-co",
        "ref": "logos-testnet-demo",
        "repo": "logos-waku-module",
        "type": "github"
      }
    },
    "nixpkgs": {
      "locked": {
        "lastModified": 1759036355,
        "narHash": "sha256-0m27AKv6ka+q270dw48KflE0LwQYrO7Fm4/2//KCVWg=",
        "owner": "NixOS",
        "repo": "nixpkgs",
        "rev": "e9f00bd893984bc8ce46c895c3bf7cac95331127",
        "type": "github"
      },
      "original": {
        "owner": "NixOS",
        "ref": "nixos-unstable",
        "repo": "nixpkgs",
        "type": "github"
      }
    },
    "nixpkgs_10": {
      "locked": {
        "lastModified": 1759036355,
        "narHash": "sha256-0m27AKv6ka+q270dw48KflE0LwQYrO7Fm4/2//KCVWg=",
        "owner": "NixOS",
        "repo": "nixpkgs",
        "rev": "e9f00bd893984bc8ce46c895c3bf7cac95331127",
        "type": "github"
      },
      "original": {
        "owner": "NixOS",
        "ref": "nixos-unstable",
        "repo": "nixpkgs",
        "type": "github"
      }
    },
    "nixpkgs_11": {
      "locked": {
        "lastModified": 1759036355,
        "narHash": "sha256-0m27AKv6ka+q270dw48KflE0LwQYrO7Fm4/2//KCVWg=",
        "owner": "NixOS",
        "repo": "nixpkgs",
        "rev": "e9f00bd893984bc8ce46c895c3bf7cac95331127",
        "type": "github"
      },
      "original": {
        "owner": "NixOS",
        "ref": "nixos-unstable",
        "repo": "nixpkgs",
        "type": "github"
      }
    },
    "nixpkgs_12": {
      "locked": {
        "lastModified": 1759036355,
        "narHash": "sha256-0m27AKv6ka+q270dw48KflE0LwQYrO7Fm4/2//KCVWg=",
        "owner": "NixOS",
        "repo": "nixpkgs",
        "rev": "e9f00bd893984bc8ce46c895c3bf7cac95331127",
        "type": "github"
      },
      "original": {
        "owner": "NixOS",
        "ref": "nixos-unstable",
        "repo": "nixpkgs",
        "type": "github"
      }
    },
    "nixpkgs_13": {
      "locked": {
        "lastModified": 1757590060,
        "narHash": "sha256-EWwwdKLMZALkgHFyKW7rmyhxECO74+N+ZO5xTDnY/5c=",
        "owner": "NixOS",
        "repo": "nixpkgs",
        "rev": "0ef228213045d2cdb5a169a95d63ded38670b293",
        "type": "github"
      },
      "original": {
        "owner": "NixOS",
        "repo": "nixpkgs",
        "rev": "0ef228213045d2cdb5a169a95d63ded38670b293",
        "type": "github"
      }
    },
    "nixpkgs_14": {
      "locked": {
        "lastModified": 1759036355,
        "narHash": "sha256-0m27AKv6ka+q270dw48KflE0LwQYrO7Fm4/2//KCVWg=",
        "owner": "NixOS",
        "repo": "nixpkgs",
        "rev": "e9f00bd893984bc8ce46c895c3bf7cac95331127",
        "type": "github"
      },
      "original": {
        "owner": "NixOS",
        "ref": "nixos-unstable",
        "repo": "nixpkgs",
        "type": "github"
      }
    },
    "nixpkgs_15": {
      "locked": {
        "lastModified": 1759036355,
        "narHash": "sha256-0m27AKv6ka+q270dw48KflE0LwQYrO7Fm4/2//KCVWg=",
        "owner": "NixOS",
        "repo": "nixpkgs",
        "rev": "e9f00bd893984bc8ce46c895c3bf7cac95331127",
        "type": "github"
      },
      "original": {
        "owner": "NixOS",
        "ref": "nixos-unstable",
        "repo": "nixpkgs",
        "type": "github"
      }
    },
    "nixpkgs_16": {
      "locked": {
        "lastModified": 1759036355,
        "narHash": "sha256-0m27AKv6ka+q270dw48KflE0LwQYrO7Fm4/2//KCVWg=",
        "owner": "NixOS",
        "repo": "nixpkgs",
        "rev": "e9f00bd893984bc8ce46c895c3bf7cac95331127",
        "type": "github"
      },
      "original": {
        "owner": "NixOS",
        "ref": "nixos-unstable",
        "repo": "nixpkgs",
        "type": "github"
      }
    },
    "nixpkgs_17": {
      "locked": {
        "lastModified": 1759036355,
        "narHash": "sha256-0m27AKv6ka+q270dw48KflE0LwQYrO7Fm4/2//KCVWg=",
        "owner": "NixOS",
        "repo": "nixpkgs",
        "rev": "e9f00bd893984bc8ce46c895c3bf7cac95331127",
        "type": "github"
      },
      "original": {
        "owner": "NixOS",
        "ref": "nixos-unstable",
        "repo": "nixpkgs",
        "type": "github"
      }
    },
    "nixpkgs_18": {
      "locked": {
        "lastModified": 1759036355,
        "narHash": "sha256-0m27AKv6ka+q270dw48KflE0LwQYrO7Fm4/2//KCVWg=",
        "owner": "NixOS",
        "repo": "nixpkgs",
        "rev": "e9f00bd893984bc8ce46c895c3bf7cac95331127",
        "type": "github"
      },
      "original": {
        "owner": "NixOS",
        "ref": "nixos-unstable",
        "repo": "nixpkgs",
        "type": "github"
      }
    },
    "nixpkgs_19": {
      "locked": {
        "lastModified": 1759036355,
        "narHash": "sha256-0m27AKv6ka+q270dw48KflE0LwQYrO7Fm4/2//KCVWg=",
        "owner": "NixOS",
        "repo": "nixpkgs",
        "rev": "e9f00bd893984bc8ce46c895c3bf7cac95331127",
        "type": "github"
      },
      "original": {
        "owner": "NixOS",
        "ref": "nixos-unstable",
        "repo": "nixpkgs",
        "type": "github"
      }
    },
    "nixpkgs_2": {
      "locked": {
        "lastModified": 1759036355,
        "narHash": "sha256-0m27AKv6ka+q270dw48KflE0LwQYrO7Fm4/2//KCVWg=",
        "owner": "NixOS",
        "repo": "nixpkgs",
        "rev": "e9f00bd893984bc8ce46c895c3bf7cac95331127",
        "type": "github"
      },
      "original": {
        "owner": "NixOS",
        "ref": "nixos-unstable",
        "repo": "nixpkgs",
        "type": "github"
      }
    },
    "nixpkgs_20": {
      "locked": {
        "lastModified": 1759036355,
        "narHash": "sha256-0m27AKv6ka+q270dw48KflE0LwQYrO7Fm4/2//KCVWg=",
        "owner": "NixOS",
        "repo": "nixpkgs",
        "rev": "e9f00bd893984bc8ce46c895c3bf7cac95331127",
        "type": "github"
      },
      "original": {
        "owner": "NixOS",
        "ref": "nixos-unstable",
        "repo": "nixpkgs",
        "type": "github"
      }
    },
    "nixpkgs_21": {
      "locked": {
        "lastModified": 1759036355,
        "narHash": "sha256-0m27AKv6ka+q270dw48KflE0LwQYrO7Fm4/2//KCVWg=",
        "owner": "NixOS",
        "repo": "nixpkgs",
        "rev": "e9f00bd893984bc8ce46c895c3bf7cac95331127",
        "type": "github"
      },
      "original": {
        "owner": "NixOS",
        "ref": "nixos-unstable",
        "repo": "nixpkgs",
        "type": "github"
      }
    },
    "nixpkgs_22": {
      "locked": {
        "lastModified": 1759036355,
        "narHash": "sha256-0m27AKv6ka+q270dw48KflE0LwQYrO7Fm4/2//KCVWg=",
        "owner": "NixOS",
        "repo": "nixpkgs",
        "rev": "e9f00bd893984bc8ce46c895c3bf7cac95331127",
        "type": "github"
      },
      "original": {
        "owner": "NixOS",
        "ref": "nixos-unstable",
        "repo": "nixpkgs",
        "type": "github"
      }
    },
    "nixpkgs_23": {
      "locked": {
        "lastModified": 1759036355,
        "narHash": "sha256-0m27AKv6ka+q270dw48KflE0LwQYrO7Fm4/2//KCVWg=",
        "owner": "NixOS",
        "repo": "nixpkgs",
        "rev": "e9f00bd893984bc8ce46c895c3bf7cac95331127",
        "type": "github"
      },
      "original": {
        "owner": "NixOS",
        "ref": "nixos-unstable",
        "repo": "nixpkgs",
        "type": "github"
      }
    },
    "nixpkgs_24": {
      "locked": {
        "lastModified": 1757590060,
        "narHash": "sha256-EWwwdKLMZALkgHFyKW7rmyhxECO74+N+ZO5xTDnY/5c=",
        "owner": "NixOS",
        "repo": "nixpkgs",
        "rev": "0ef228213045d2cdb5a169a95d63ded38670b293",
        "type": "github"
      },
      "original": {
        "owner": "NixOS",
        "repo": "nixpkgs",
        "rev": "0ef228213045d2cdb5a169a95d63ded38670b293",
        "type": "github"
      }
    },
    "nixpkgs_3": {
      "locked": {
        "lastModified": 1759036355,
        "narHash": "sha256-0m27AKv6ka+q270dw48KflE0LwQYrO7Fm4/2//KCVWg=",
        "owner": "NixOS",
        "repo": "nixpkgs",
        "rev": "e9f00bd893984bc8ce46c895c3bf7cac95331127",
        "type": "github"
      },
      "original": {
        "owner": "NixOS",
        "ref": "nixos-unstable",
        "repo": "nixpkgs",
        "type": "github"
      }
    },
    "nixpkgs_4": {
      "locked": {
        "lastModified": 1759036355,
        "narHash": "sha256-0m27AKv6ka+q270dw48KflE0LwQYrO7Fm4/2//KCVWg=",
        "owner": "NixOS",
        "repo": "nixpkgs",
        "rev": "e9f00bd893984bc8ce46c895c3bf7cac95331127",
        "type": "github"
      },
      "original": {
        "owner": "NixOS",
        "ref": "nixos-unstable",
        "repo": "nixpkgs",
        "type": "github"
      }
    },
    "nixpkgs_5": {
      "locked": {
        "lastModified": 1759036355,
        "narHash": "sha256-0m27AKv6ka+q270dw48KflE0LwQYrO7Fm4/2//KCVWg=",
        "owner": "NixOS",
        "repo": "nixpkgs",
        "rev": "e9f00bd893984bc8ce46c895c3bf7cac95331127",
        "type": "github"
      },
      "original": {
        "owner": "NixOS",
        "ref": "nixos-unstable",
        "repo": "nixpkgs",
        "type": "github"
      }
    },
    "nixpkgs_6": {
      "locked": {
        "lastModified": 1759036355,
        "narHash": "sha256-0m27AKv6ka+q270dw48KflE0LwQYrO7Fm4/2//KCVWg=",
        "owner": "NixOS",
        "repo": "nixpkgs",
        "rev": "e9f00bd893984bc8ce46c895c3bf7cac95331127",
        "type": "github"
      },
      "original": {
        "owner": "NixOS",
        "ref": "nixos-unstable",
        "repo": "nixpkgs",
        "type": "github"
      }
    },
    "nixpkgs_7": {
      "locked": {
        "lastModified": 1759036355,
        "narHash": "sha256-0m27AKv6ka+q270dw48KflE0LwQYrO7Fm4/2//KCVWg=",
        "owner": "NixOS",
        "repo": "nixpkgs",
        "rev": "e9f00bd893984bc8ce46c895c3bf7cac95331127",
        "type": "github"
      },
      "original": {
        "owner": "NixOS",
        "ref": "nixos-unstable",
        "repo": "nixpkgs",
        "type": "github"
      }
    },
    "nixpkgs_8": {
      "locked": {
        "lastModified": 1759036355,
        "narHash": "sha256-0m27AKv6ka+q270dw48KflE0LwQYrO7Fm4/2//KCVWg=",
        "owner": "NixOS",
        "repo": "nixpkgs",
        "rev": "e9f00bd893984bc8ce46c895c3bf7cac95331127",
        "type": "github"
      },
      "original": {
        "owner": "NixOS",
        "ref": "nixos-unstable",
        "repo": "nixpkgs",
        "type": "github"
      }
    },
    "nixpkgs_9": {
      "locked": {
        "lastModified": 1759036355,
        "narHash": "sha256-0m27AKv6ka+q270dw48KflE0LwQYrO7Fm4/2//KCVWg=",
        "owner": "NixOS",
        "repo": "nixpkgs",
        "rev": "e9f00bd893984bc8ce46c895c3bf7cac95331127",
        "type": "github"
      },
      "original": {
        "owner": "NixOS",
        "ref": "nixos-unstable",
        "repo": "nixpkgs",
        "type": "github"
      }
    },
    "root": {
      "inputs": {
        "logos-capability-module": "logos-capability-module",
        "logos-chat-module": "logos-chat-module",
        "logos-cpp-sdk": "logos-cpp-sdk_13",
        "logos-liblogos": "logos-liblogos_6",
        "logos-waku-module": "logos-waku-module_2",
        "nixpkgs": [
          "logos-liblogos",
          "nixpkgs"
        ]
      }
    },
    "rust-overlay": {
      "inputs": {
        "nixpkgs": [
          "logos-chat-module",
          "logos-waku-module",
          "logos-messaging-nim",
          "zerokit",
          "nixpkgs"
        ]
      },
      "locked": {
        "lastModified": 1748399823,
        "narHash": "sha256-kahD8D5hOXOsGbNdoLLnqCL887cjHkx98Izc37nDjlA=",
        "owner": "oxalica",
        "repo": "rust-overlay",
        "rev": "d68a69dc71bc19beb3479800392112c2f6218159",
        "type": "github"
      },
      "original": {
        "owner": "oxalica",
        "repo": "rust-overlay",
        "type": "github"
      }
    },
    "rust-overlay_2": {
      "inputs": {
        "nixpkgs": [
          "logos-waku-module",
          "logos-messaging-nim",
          "zerokit",
          "nixpkgs"
        ]
      },
      "locked": {
        "lastModified": 1748399823,
        "narHash": "sha256-kahD8D5hOXOsGbNdoLLnqCL887cjHkx98Izc37nDjlA=",
        "owner": "oxalica",
        "repo": "rust-overlay",
        "rev": "d68a69dc71bc19beb3479800392112c2f6218159",
        "type": "github"
      },
      "original": {
        "owner": "oxalica",
        "repo": "rust-overlay",
        "type": "github"
      }
    },
    "zerokit": {
      "inputs": {
        "nixpkgs": [
          "logos-chat-module",
          "logos-waku-module",
          "logos-messaging-nim",
          "nixpkgs"
        ],
        "rust-overlay": "rust-overlay"
      },
      "locked": {
        "lastModified": 1762211504,
        "narHash": "sha256-SbDoBElFYJ4cYebltxlO2lYnz6qOaDAVY6aNJ5bqHDE=",
        "ref": "refs/heads/master",
        "rev": "3160d9504d07791f2fc9b610948a6cf9a58ed488",
        "revCount": 342,
        "type": "git",
        "url": "https://github.com/vacp2p/zerokit"
      },
      "original": {
        "rev": "3160d9504d07791f2fc9b610948a6cf9a58ed488",
        "type": "git",
        "url": "https://github.com/vacp2p/zerokit"
      }
    },
    "zerokit_2": {
      "inputs": {
        "nixpkgs": [
          "logos-waku-module",
          "logos-messaging-nim",
          "nixpkgs"
        ],
        "rust-overlay": "rust-overlay_2"
      },
      "locked": {
        "lastModified": 1762211504,
        "narHash": "sha256-SbDoBElFYJ4cYebltxlO2lYnz6qOaDAVY6aNJ5bqHDE=",
        "ref": "refs/heads/master",
        "rev": "3160d9504d07791f2fc9b610948a6cf9a58ed488",
        "revCount": 342,
        "type": "git",
        "url": "https://github.com/vacp2p/zerokit"
      },
      "original": {
        "rev": "3160d9504d07791f2fc9b610948a6cf9a58ed488",
        "type": "git",
        "url": "https://github.com/vacp2p/zerokit"
      }
    }
  },
  "root": "root",
  "version": 7
}
